hash: 531ab626260fbbb3c0bf96c0463be455cd7e4a0807ea7734994232b0f47261f9
updated: 2016-12-22T15:26:20.016779895+02:00
imports:
- name: github.com/davecgh/go-spew
  version: 6d212800a42e8ab5c146b8ace3490ee17e5225f9
  subpackages:
  - spew
- name: github.com/docker/docker
  version: 88862e707affccf9c46347361689b2ffef39dc5c
  subpackages:
  - pkg/mount
- name: github.com/docker/go-units
  version: 9b001659dd36225e356b4467c465d732e745f53d
- name: github.com/fsouza/go-dockerclient
  version: 412c004d923b7b89701e7a1632de83f843657a03
  subpackages:
  - external/github.com/Sirupsen/logrus
  - external/github.com/docker/docker/opts
  - external/github.com/docker/docker/pkg/archive
  - external/github.com/docker/docker/pkg/fileutils
  - external/github.com/docker/docker/pkg/homedir
  - external/github.com/docker/docker/pkg/ioutils
  - external/github.com/docker/docker/pkg/parsers
  - external/github.com/docker/docker/pkg/pools
  - external/github.com/docker/docker/pkg/promise
  - external/github.com/docker/docker/pkg/stdcopy
  - external/github.com/docker/docker/pkg/system
  - external/github.com/docker/docker/pkg/ulimit
  - external/github.com/docker/docker/pkg/units
  - external/github.com/docker/docker/volume
  - external/github.com/opencontainers/runc/libcontainer/user
- name: github.com/golang/protobuf
  version: 888eb0692c857ec880338addf316bd662d5e630e
  subpackages:
  - proto
- name: github.com/intelsdi-x/snap-plugin-lib-go
  version: 4b5999a62ffb7604f173c1ab3c2205ba8b559624
  subpackages:
  - v1/plugin
  - v1/plugin/rpc
- name: github.com/intelsdi-x/snap-plugin-utilities
  version: 0b327aae781a2e94b414be121d5ac4668750156c
  subpackages:
  - ns
  - str
- name: github.com/julienschmidt/httprouter
  version: 8c199fb6259ffc1af525cc3ad52ee60ba8359669
- name: github.com/mistifyio/go-zfs
  version: cdc0f941c4d0e0e94d85348285568d921891e138
- name: github.com/oleiade/reflections
  version: 632977f98cd34d217c4b57d0840ec188b3d3dcaf
- name: github.com/opencontainers/runc
  version: c91b5bea4830a57eac7882d7455d59518cdf70ec
  subpackages:
  - libcontainer/cgroups
  - libcontainer/cgroups/fs
  - libcontainer/configs
  - libcontainer/system
  - libcontainer/utils
- name: github.com/pmezard/go-difflib
  version: d8ed2627bdf02c080bf22230dbb337003b7aba2d
  subpackages:
  - difflib
- name: github.com/Sirupsen/logrus
  version: 26709e2714106fb8ad40b773b711ebce25b78914
- name: github.com/stretchr/objx
  version: cbeaeb16a013161a98496fad62933b1d21786672
- name: github.com/stretchr/testify
  version: 69483b4bd14f5845b5a1e55bca19e954e827f1d0
  subpackages:
  - assert
  - mock
- name: golang.org/x/net
  version: 154d9f9ea81208afed560f4cf27b4860c8ed1904
  subpackages:
  - context
  - http2
  - http2/hpack
  - internal/timeseries
  - lex/httplex
  - trace
- name: golang.org/x/sys
  version: c8bc69bc2db9c57ccf979550bc69655df5039a8a
  subpackages:
  - unix
- name: google.golang.org/grpc
  version: 0032a855ba5c8a3c8e0d71c2deef354b70af1584
  subpackages:
  - codes
  - credentials
  - grpclog
  - internal
  - metadata
  - naming
  - peer
  - transport
testImports:
- name: github.com/gopherjs/gopherjs
  version: 4b53e1bddba0e2f734514aeb6c02db652f4c6fe8
  subpackages:
  - js
- name: github.com/jtolds/gls
  version: 8ddce2a84170772b95dd5d576c48d517b22cac63
- name: github.com/smartystreets/assertions
  version: 443d812296a84445c202c085f19e18fc238f8250
  subpackages:
  - internal/go-render/render
  - internal/oglematchers
- name: github.com/smartystreets/goconvey
  version: d4c757aa9afd1e2fc1832aaab209b5794eb336e1
  subpackages:
  - convey
  - convey/gotest
  - convey/reporting
